
Microsoft Visual Studio Solution File, Format Version 12.00
# Visual Studio 15
VisualStudioVersion = 15.0.27703.2035
MinimumVisualStudioVersion = 10.0.40219.1
Project("{FAE04EC0-301F-11D3-BF4B-00C04F79EFBC}") = "Party Invites", "Party Invites\Party Invites.csproj", "{27FDA082-FB16-48A1-B41B-84B4D077EFAB}"
EndProject
Global
	GlobalSection(SolutionConfigurationPlatforms) = preSolution
		Debug|Any CPU = Debug|Any CPU
		Release|Any CPU = Release|Any CPU
	EndGlobalSection
	GlobalSection(ProjectConfigurationPlatforms) = postSolution
		{27FDA082-FB16-48A1-B41B-84B4D077EFAB}.Debug|Any CPU.ActiveCfg = Debug|Any CPU
		{27FDA082-FB16-48A1-B41B-84B4D077EFAB}.Debug|Any CPU.Build.0 = Debug|Any CPU
		{27FDA082-FB16-48A1-B41B-84B4D077EFAB}.Release|Any CPU.ActiveCfg = Release|Any CPU
		{27FDA082-FB16-48A1-B41B-84B4D077EFAB}.Release|Any CPU.Build.0 = Release|Any CPU
	EndGlobalSection
	GlobalSection(SolutionProperties) = preSolution
		HideSolutionNode = FALSE
	EndGlobalSection
	GlobalSection(ExtensibilityGlobals) = postSolution
		SolutionGuid = {21CDF3DE-A42A-4E43-9CEB-6AB24D4E10D6}
	EndGlobalSection
EndGlobal
